// !$*UTF8*$!
{
	archiveVersion = 1;
	classes = {
	};
	objectVersion = 56;
	objects = {

/* Begin PBXBuildFile section */
		CD17430528681AAB0003A9F4 /* docc_sample.docc in Sources */ = {isa = PBXBuildFile; fileRef = CD17430428681AAB0003A9F4 /* docc_sample.docc */; };
		CDF67EFB285A4BA9001361FD /* docc_sampleApp.swift in Sources */ = {isa = PBXBuildFile; fileRef = CDF67EFA285A4BA9001361FD /* docc_sampleApp.swift */; };
		CDF67EFD285A4BA9001361FD /* ContentView.swift in Sources */ = {isa = PBXBuildFile; fileRef = CDF67EFC285A4BA9001361FD /* ContentView.swift */; };
		CDF67EFF285A4BAA001361FD /* Assets.xcassets in Resources */ = {isa = PBXBuildFile; fileRef = CDF67EFE285A4BAA001361FD /* Assets.xcassets */; };
		CDF67F02285A4BAA001361FD /* Preview Assets.xcassets in Resources */ = {isa = PBXBuildFile; fileRef = CDF67F01285A4BAA001361FD /* Preview Assets.xcassets */; };
		CDF67F0C285A4BAA001361FD /* docc_sampleTests.swift in Sources */ = {isa = PBXBuildFile; fileRef = CDF67F0B285A4BAA001361FD /* docc_sampleTests.swift */; };
		CDF67F16285A4BAA001361FD /* docc_sampleUITests.swift in Sources */ = {isa = PBXBuildFile; fileRef = CDF67F15285A4BAA001361FD /* docc_sampleUITests.swift */; };
		CDF67F18285A4BAA001361FD /* docc_sampleUITestsLaunchTests.swift in Sources */ = {isa = PBXBuildFile; fileRef = CDF67F17285A4BAA001361FD /* docc_sampleUITestsLaunchTests.swift */; };
/* End PBXBuildFile section */

/* Begin PBXContainerItemProxy section */
		CDF67F08285A4BAA001361FD /* PBXContainerItemProxy */ = {
			isa = PBXContainerItemProxy;
			containerPortal = CDF67EEF285A4BA9001361FD /* Project object */;
			proxyType = 1;
			remoteGlobalIDString = CDF67EF6285A4BA9001361FD;
			remoteInfo = docc_sample;
		};
		CDF67F12285A4BAA001361FD /* PBXContainerItemProxy */ = {
			isa = PBXContainerItemProxy;
			containerPortal = CDF67EEF285A4BA9001361FD /* Project object */;
			proxyType = 1;
			remoteGlobalIDString = CDF67EF6285A4BA9001361FD;
			remoteInfo = docc_sample;
		};
/* End PBXContainerItemProxy section */

/* Begin PBXFileReference section */
		CD17430428681AAB0003A9F4 /* docc_sample.docc */ = {isa = PBXFileReference; lastKnownFileType = folder.documentationcatalog; path = docc_sample.docc; sourceTree = "<group>"; };
		CDF67EF7285A4BA9001361FD /* docc_sample.app */ = {isa = PBXFileReference; explicitFileType = wrapper.application; includeInIndex = 0; path = docc_sample.app; sourceTree = BUILT_PRODUCTS_DIR; };
		CDF67EFA285A4BA9001361FD /* docc_sampleApp.swift */ = {isa = PBXFileReference; lastKnownFileType = sourcecode.swift; path = docc_sampleApp.swift; sourceTree = "<group>"; };
		CDF67EFC285A4BA9001361FD /* ContentView.swift */ = {isa = PBXFileReference; lastKnownFileType = sourcecode.swift; path = ContentView.swift; sourceTree = "<group>"; };
		CDF67EFE285A4BAA001361FD /* Assets.xcassets */ = {isa = PBXFileReference; lastKnownFileType = folder.assetcatalog; path = Assets.xcassets; sourceTree = "<group>"; };
		CDF67F01285A4BAA001361FD /* Preview Assets.xcassets */ = {isa = PBXFileReference; lastKnownFileType = folder.assetcatalog; path = "Preview Assets.xcassets"; sourceTree = "<group>"; };
		CDF67F07285A4BAA001361FD /* docc_sampleTests.xctest */ = {isa = PBXFileReference; explicitFileType = wrapper.cfbundle; includeInIndex = 0; path = docc_sampleTests.xctest; sourceTree = BUILT_PRODUCTS_DIR; };
		CDF67F0B285A4BAA001361FD /* docc_sampleTests.swift */ = {isa = PBXFileReference; lastKnownFileType = sourcecode.swift; path = docc_sampleTests.swift; sourceTree = "<group>"; };
		CDF67F11285A4BAA001361FD /* docc_sampleUITests.xctest */ = {isa = PBXFileReference; explicitFileType = wrapper.cfbundle; includeInIndex = 0; path = docc_sampleUITests.xctest; sourceTree = BUILT_PRODUCTS_DIR; };
		CDF67F15285A4BAA001361FD /* docc_sampleUITests.swift */ = {isa = PBXFileReference; lastKnownFileType = sourcecode.swift; path = docc_sampleUITests.swift; sourceTree = "<group>"; };
		CDF67F17285A4BAA001361FD /* docc_sampleUITestsLaunchTests.swift */ = {isa = PBXFileReference; lastKnownFileType = sourcecode.swift; path = docc_sampleUITestsLaunchTests.swift; sourceTree = "<group>"; };
/* End PBXFileReference section */

/* Begin PBXFrameworksBuildPhase section */
		CDF67EF4285A4BA9001361FD /* Frameworks */ = {
			isa = PBXFrameworksBuildPhase;
			buildActionMask = 2147483647;
			files = (
			);
			runOnlyForDeploymentPostprocessing = 0;
		};
		CDF67F04285A4BAA001361FD /* Frameworks */ = {
			isa = PBXFrameworksBuildPhase;
			buildActionMask = 2147483647;
			files = (
			);
			runOnlyForDeploymentPostprocessing = 0;
		};
		CDF67F0E285A4BAA001361FD /* Frameworks */ = {
			isa = PBXFrameworksBuildPhase;
			buildActionMask = 2147483647;
			files = (
			);
			runOnlyForDeploymentPostprocessing = 0;
		};
/* End PBXFrameworksBuildPhase section */

/* Begin PBXGroup section */
		CDF67EEE285A4BA9001361FD = {
			isa = PBXGroup;
			children = (
				CDF67EF9285A4BA9001361FD /* docc_sample */,
				CDF67F0A285A4BAA001361FD /* docc_sampleTests */,
				CDF67F14285A4BAA001361FD /* docc_sampleUITests */,
				CDF67EF8285A4BA9001361FD /* Products */,
			);
			sourceTree = "<group>";
		};
		CDF67EF8285A4BA9001361FD /* Products */ = {
			isa = PBXGroup;
			children = (
				CDF67EF7285A4BA9001361FD /* docc_sample.app */,
				CDF67F07285A4BAA001361FD /* docc_sampleTests.xctest */,
				CDF67F11285A4BAA001361FD /* docc_sampleUITests.xctest */,
			);
			name = Products;
			sourceTree = "<group>";
		};
		CDF67EF9285A4BA9001361FD /* docc_sample */ = {
			isa = PBXGroup;
			children = (
				CDF67EFA285A4BA9001361FD /* docc_sampleApp.swift */,
				CDF67EFC285A4BA9001361FD /* ContentView.swift */,
				CDF67EFE285A4BAA001361FD /* Assets.xcassets */,
				CDF67F00285A4BAA001361FD /* Preview Content */,
				CD17430428681AAB0003A9F4 /* docc_sample.docc */,
			);
			path = docc_sample;
			sourceTree = "<group>";
		};
		CDF67F00285A4BAA001361FD /* Preview Content */ = {
			isa = PBXGroup;
			children = (
				CDF67F01285A4BAA001361FD /* Preview Assets.xcassets */,
			);
			path = "Preview Content";
			sourceTree = "<group>";
		};
		CDF67F0A285A4BAA001361FD /* docc_sampleTests */ = {
			isa = PBXGroup;
			children = (
				CDF67F0B285A4BAA001361FD /* docc_sampleTests.swift */,
			);
			path = docc_sampleTests;
			sourceTree = "<group>";
		};
		CDF67F14285A4BAA001361FD /* docc_sampleUITests */ = {
			isa = PBXGroup;
			children = (
				CDF67F15285A4BAA001361FD /* docc_sampleUITests.swift */,
				CDF67F17285A4BAA001361FD /* docc_sampleUITestsLaunchTests.swift */,
			);
			path = docc_sampleUITests;
			sourceTree = "<group>";
		};
/* End PBXGroup section */

/* Begin PBXNativeTarget section */
		CDF67EF6285A4BA9001361FD /* docc_sample */ = {
			isa = PBXNativeTarget;
			buildConfigurationList = CDF67F1B285A4BAA001361FD /* Build configuration list for PBXNativeTarget "docc_sample" */;
			buildPhases = (
				CDF67EF3285A4BA9001361FD /* Sources */,
				CDF67EF4285A4BA9001361FD /* Frameworks */,
				CDF67EF5285A4BA9001361FD /* Resources */,
			);
			buildRules = (
			);
			dependencies = (
			);
			name = docc_sample;
			productName = docc_sample;
			productReference = CDF67EF7285A4BA9001361FD /* docc_sample.app */;
			productType = "com.apple.product-type.application";
		};
		CDF67F06285A4BAA001361FD /* docc_sampleTests */ = {
			isa = PBXNativeTarget;
			buildConfigurationList = CDF67F1E285A4BAA001361FD /* Build configuration list for PBXNativeTarget "docc_sampleTests" */;
			buildPhases = (
				CDF67F03285A4BAA001361FD /* Sources */,
				CDF67F04285A4BAA001361FD /* Frameworks */,
				CDF67F05285A4BAA001361FD /* Resources */,
			);
			buildRules = (
			);
			dependencies = (
				CDF67F09285A4BAA001361FD /* PBXTargetDependency */,
			);
			name = docc_sampleTests;
			productName = docc_sampleTests;
			productReference = CDF67F07285A4BAA001361FD /* docc_sampleTests.xctest */;
			productType = "com.apple.product-type.bundle.unit-test";
		};
		CDF67F10285A4BAA001361FD /* docc_sampleUITests */ = {
			isa = PBXNativeTarget;
			buildConfigurationList = CDF67F21285A4BAA001361FD /* Build configuration list for PBXNativeTarget "docc_sampleUITests" */;
			buildPhases = (
				CDF67F0D285A4BAA001361FD /* Sources */,
				CDF67F0E285A4BAA001361FD /* Frameworks */,
				CDF67F0F285A4BAA001361FD /* Resources */,
			);
			buildRules = (
			);
			dependencies = (
				CDF67F13285A4BAA001361FD /* PBXTargetDependency */,
			);
			name = docc_sampleUITests;
			productName = docc_sampleUITests;
			productReference = CDF67F11285A4BAA001361FD /* docc_sampleUITests.xctest */;
			productType = "com.apple.product-type.bundle.ui-testing";
		};
/* End PBXNativeTarget section */

/* Begin PBXProject section */
		CDF67EEF285A4BA9001361FD /* Project object */ = {
			isa = PBXProject;
			attributes = {
				BuildIndependentTargetsInParallel = 1;
				LastSwiftUpdateCheck = 1400;
				LastUpgradeCheck = 1400;
				TargetAttributes = {
					CDF67EF6285A4BA9001361FD = {
						CreatedOnToolsVersion = 14.0;
					};
					CDF67F06285A4BAA001361FD = {
						CreatedOnToolsVersion = 14.0;
						TestTargetID = CDF67EF6285A4BA9001361FD;
					};
					CDF67F10285A4BAA001361FD = {
						CreatedOnToolsVersion = 14.0;
						TestTargetID = CDF67EF6285A4BA9001361FD;
					};
				};
			};
			buildConfigurationList = CDF67EF2285A4BA9001361FD /* Build configuration list for PBXProject "docc_sample" */;
			compatibilityVersion = "Xcode 14.0";
			developmentRegion = en;
			hasScannedForEncodings = 0;
			knownRegions = (
				en,
				Base,
			);
			mainGroup = CDF67EEE285A4BA9001361FD;
			productRefGroup = CDF67EF8285A4BA9001361FD /* Products */;
			projectDirPath = "";
			projectRoot = "";
			targets = (
				CDF67EF6285A4BA9001361FD /* docc_sample */,
				CDF67F06285A4BAA001361FD /* docc_sampleTests */,
				CDF67F10285A4BAA001361FD /* docc_sampleUITests */,
			);
		};
/* End PBXProject section */

/* Begin PBXResourcesBuildPhase section */
		CDF67EF5285A4BA9001361FD /* Resources */ = {
			isa = PBXResourcesBuildPhase;
			buildActionMask = 2147483647;
			files = (
				CDF67F02285A4BAA001361FD /* Preview Assets.xcassets in Resources */,
				CDF67EFF285A4BAA001361FD /* Assets.xcassets in Resources */,
			);
			runOnlyForDeploymentPostprocessing = 0;
		};
		CDF67F05285A4BAA001361FD /* Resources */ = {
			isa = PBXResourcesBuildPhase;
			buildActionMask = 2147483647;
			files = (
			);
			runOnlyForDeploymentPostprocessing = 0;
		};
		CDF67F0F285A4BAA001361FD /* Resources */ = {
			isa = PBXResourcesBuildPhase;
			buildActionMask = 2147483647;
			files = (
			);
			runOnlyForDeploymentPostprocessing = 0;
		};
/* End PBXResourcesBuildPhase section */

/* Begin PBXSourcesBuildPhase section */
		CDF67EF3285A4BA9001361FD /* Sources */ = {
			isa = PBXSourcesBuildPhase;
			buildActionMask = 2147483647;
			files = (
				CDF67EFD285A4BA9001361FD /* ContentView.swift in Sources */,
				CDF67EFB285A4BA9001361FD /* docc_sampleApp.swift in Sources */,
				CD17430528681AAB0003A9F4 /* docc_sample.docc in Sources */,
			);
			runOnlyForDeploymentPostprocessing = 0;
		};
		CDF67F03285A4BAA001361FD /* Sources */ = {
			isa = PBXSourcesBuildPhase;
			buildActionMask = 2147483647;
			files = (
				CDF67F0C285A4BAA001361FD /* docc_sampleTests.swift in Sources */,
			);
			runOnlyForDeploymentPostprocessing = 0;
		};
		CDF67F0D285A4BAA001361FD /* Sources */ = {
			isa = PBXSourcesBuildPhase;
			buildActionMask = 2147483647;
			files = (
				CDF67F16285A4BAA001361FD /* docc_sampleUITests.swift in Sources */,
				CDF67F18285A4BAA001361FD /* docc_sampleUITestsLaunchTests.swift in Sources */,
			);
			runOnlyForDeploymentPostprocessing = 0;
		};
/* End PBXSourcesBuildPhase section */

/* Begin PBXTargetDependency section */
		CDF67F09285A4BAA001361FD /* PBXTargetDependency */ = {
			isa = PBXTargetDependency;
			target = CDF67EF6285A4BA9001361FD /* docc_sample */;
			targetProxy = CDF67F08285A4BAA001361FD /* PBXContainerItemProxy */;
		};
		CDF67F13285A4BAA001361FD /* PBXTargetDependency */ = {
			isa = PBXTargetDependency;
			target = CDF67EF6285A4BA9001361FD /* docc_sample */;
			targetProxy = CDF67F12285A4BAA001361FD /* PBXContainerItemProxy */;
		};
/* End PBXTargetDependency section */

/* Begin XCBuildConfiguration section */
		CDF67F19285A4BAA001361FD /* Debug */ = {
			isa = XCBuildConfiguration;
			buildSettings = {
				ALWAYS_SEARCH_USER_PATHS = NO;
				CLANG_ANALYZER_NONNULL = YES;
				CLANG_ANALYZER_NUMBER_OBJECT_CONVERSION = YES_AGGRESSIVE;
				CLANG_CXX_LANGUAGE_STANDARD = "gnu++17";
				CLANG_ENABLE_MODULES = YES;
				CLANG_ENABLE_OBJC_ARC = YES;
				CLANG_ENABLE_OBJC_WEAK = YES;
				CLANG_WARN_BLOCK_CAPTURE_AUTORELEASING = YES;
				CLANG_WARN_BOOL_CONVERSION = YES;
				CLANG_WARN_COMMA = YES;
				CLANG_WARN_CONSTANT_CONVERSION = YES;
				CLANG_WARN_DEPRECATED_OBJC_IMPLEMENTATIONS = YES;
				CLANG_WARN_DIRECT_OBJC_ISA_USAGE = YES_ERROR;
				CLANG_WARN_DOCUMENTATION_COMMENTS = YES;
				CLANG_WARN_EMPTY_BODY = YES;
				CLANG_WARN_ENUM_CONVERSION = YES;
				CLANG_WARN_INFINITE_RECURSION = YES;
				CLANG_WARN_INT_CONVERSION = YES;
				CLANG_WARN_NON_LITERAL_NULL_CONVERSION = YES;
				CLANG_WARN_OBJC_IMPLICIT_RETAIN_SELF = YES;
				CLANG_WARN_OBJC_LITERAL_CONVERSION = YES;
				CLANG_WARN_OBJC_ROOT_CLASS = YES_ERROR;
				CLANG_WARN_QUOTED_INCLUDE_IN_FRAMEWORK_HEADER = YES;
				CLANG_WARN_RANGE_LOOP_ANALYSIS = YES;
				CLANG_WARN_STRICT_PROTOTYPES = YES;
				CLANG_WARN_SUSPICIOUS_MOVE = YES;
				CLANG_WARN_UNGUARDED_AVAILABILITY = YES_AGGRESSIVE;
				CLANG_WARN_UNREACHABLE_CODE = YES;
				CLANG_WARN__DUPLICATE_METHOD_MATCH = YES;
				COPY_PHASE_STRIP = NO;
				DEBUG_INFORMATION_FORMAT = dwarf;
				ENABLE_STRICT_OBJC_MSGSEND = YES;
				ENABLE_TESTABILITY = YES;
				GCC_C_LANGUAGE_STANDARD = gnu11;
				GCC_DYNAMIC_NO_PIC = NO;
				GCC_NO_COMMON_BLOCKS = YES;
				GCC_OPTIMIZATION_LEVEL = 0;
				GCC_PREPROCESSOR_DEFINITIONS = (
					"DEBUG=1",
					"$(inherited)",
				);
				GCC_WARN_64_TO_32_BIT_CONVERSION = YES;
				GCC_WARN_ABOUT_RETURN_TYPE = YES_ERROR;
				GCC_WARN_UNDECLARED_SELECTOR = YES;
				GCC_WARN_UNINITIALIZED_AUTOS = YES_AGGRESSIVE;
				GCC_WARN_UNUSED_FUNCTION = YES;
				GCC_WARN_UNUSED_VARIABLE = YES;
				IPHONEOS_DEPLOYMENT_TARGET = 16.0;
				MTL_ENABLE_DEBUG_INFO = INCLUDE_SOURCE;
				MTL_FAST_MATH = YES;
				ONLY_ACTIVE_ARCH = YES;
				SDKROOT = iphoneos;
				SWIFT_ACTIVE_COMPILATION_CONDITIONS = DEBUG;
				SWIFT_OPTIMIZATION_LEVEL = "-Onone";
			};
			name = Debug;
		};
		CDF67F1A285A4BAA001361FD /* Release */ = {
			isa = XCBuildConfiguration;
			buildSettings = {
				ALWAYS_SEARCH_USER_PATHS = NO;
				CLANG_ANALYZER_NONNULL = YES;
				CLANG_ANALYZER_NUMBER_OBJECT_CONVERSION = YES_AGGRESSIVE;
				CLANG_CXX_LANGUAGE_STANDARD = "gnu++17";
				CLANG_ENABLE_MODULES = YES;
				CLANG_ENABLE_OBJC_ARC = YES;
				CLANG_ENABLE_OBJC_WEAK = YES;
				CLANG_WARN_BLOCK_CAPTURE_AUTORELEASING = YES;
				CLANG_WARN_BOOL_CONVERSION = YES;
				CLANG_WARN_COMMA = YES;
				CLANG_WARN_CONSTANT_CONVERSION = YES;
				CLANG_WARN_DEPRECATED_OBJC_IMPLEMENTATIONS = YES;
				CLANG_WARN_DIRECT_OBJC_ISA_USAGE = YES_ERROR;
				CLANG_WARN_DOCUMENTATION_COMMENTS = YES;
				CLANG_WARN_EMPTY_BODY = YES;
				CLANG_WARN_ENUM_CONVERSION = YES;
				CLANG_WARN_INFINITE_RECURSION = YES;
				CLANG_WARN_INT_CONVERSION = YES;
				CLANG_WARN_NON_LITERAL_NULL_CONVERSION = YES;
				CLANG_WARN_OBJC_IMPLICIT_RETAIN_SELF = YES;
				CLANG_WARN_OBJC_LITERAL_CONVERSION = YES;
				CLANG_WARN_OBJC_ROOT_CLASS = YES_ERROR;
				CLANG_WARN_QUOTED_INCLUDE_IN_FRAMEWORK_HEADER = YES;
				CLANG_WARN_RANGE_LOOP_ANALYSIS = YES;
				CLANG_WARN_STRICT_PROTOTYPES = YES;
				CLANG_WARN_SUSPICIOUS_MOVE = YES;
				CLANG_WARN_UNGUARDED_AVAILABILITY = YES_AGGRESSIVE;
				CLANG_WARN_UNREACHABLE_CODE = YES;
				CLANG_WARN__DUPLICATE_METHOD_MATCH = YES;
				COPY_PHASE_STRIP = NO;
				DEBUG_INFORMATION_FORMAT = "dwarf-with-dsym";
				ENABLE_NS_ASSERTIONS = NO;
				ENABLE_STRICT_OBJC_MSGSEND = YES;
				GCC_C_LANGUAGE_STANDARD = gnu11;
				GCC_NO_COMMON_BLOCKS = YES;
				GCC_WARN_64_TO_32_BIT_CONVERSION = YES;
				GCC_WARN_ABOUT_RETURN_TYPE = YES_ERROR;
				GCC_WARN_UNDECLARED_SELECTOR = YES;
				GCC_WARN_UNINITIALIZED_AUTOS = YES_AGGRESSIVE;
				GCC_WARN_UNUSED_FUNCTION = YES;
				GCC_WARN_UNUSED_VARIABLE = YES;
				IPHONEOS_DEPLOYMENT_TARGET = 16.0;
				MTL_ENABLE_DEBUG_INFO = NO;
				MTL_FAST_MATH = YES;
				SDKROOT = iphoneos;
				SWIFT_COMPILATION_MODE = wholemodule;
				SWIFT_OPTIMIZATION_LEVEL = "-O";
				VALIDATE_PRODUCT = YES;
			};
			name = Release;
		};
		CDF67F1C285A4BAA001361FD /* Debug */ = {
			isa = XCBuildConfiguration;
			buildSettings = {
				ASSETCATALOG_COMPILER_APPICON_NAME = AppIcon;
				ASSETCATALOG_COMPILER_GLOBAL_ACCENT_COLOR_NAME = AccentColor;
				CODE_SIGN_STYLE = Automatic;
				CURRENT_PROJECT_VERSION = 1;
				DEVELOPMENT_ASSET_PATHS = "\"docc_sample/Preview Content\"";
				DEVELOPMENT_TEAM = TWQ94X5BQ4;
				DOCC_HOSTING_BASE_PATH = docc_sample;
				ENABLE_PREVIEWS = YES;
				GENERATE_INFOPLIST_FILE = YES;
				INFOPLIST_KEY_UIApplicationSceneManifest_Generation = YES;
				INFOPLIST_KEY_UIApplicationSupportsIndirectInputEvents = YES;
				INFOPLIST_KEY_UILaunchScreen_Generation = YES;
				INFOPLIST_KEY_UISupportedInterfaceOrientations_iPad = "UIInterfaceOrientationPortrait UIInterfaceOrientationPortraitUpsideDown UIInterfaceOrientationLandscapeLeft UIInterfaceOrientationLandscapeRight";
				INFOPLIST_KEY_UISupportedInterfaceOrientations_iPhone = "UIInterfaceOrientationPortrait UIInterfaceOrientationLandscapeLeft UIInterfaceOrientationLandscapeRight";
				LD_RUNPATH_SEARCH_PATHS = (
					"$(inherited)",
					"@executable_path/Frameworks",
				);
				MARKETING_VERSION = 1.0;
				PRODUCT_BUNDLE_IDENTIFIER = "in.taket.docc-sample";
				PRODUCT_NAME = "$(TARGET_NAME)";
				SWIFT_EMIT_LOC_STRINGS = YES;
				SWIFT_VERSION = 5.0;
				TARGETED_DEVICE_FAMILY = "1,2";
			};
			name = Debug;
		};
		CDF67F1D285A4BAA001361FD /* Release */ = {
			isa = XCBuildConfiguration;
			buildSettings = {
				ASSETCATALOG_COMPILER_APPICON_NAME = AppIcon;
				ASSETCATALOG_COMPILER_GLOBAL_ACCENT_COLOR_NAME = AccentColor;
				CODE_SIGN_STYLE = Automatic;
				CURRENT_PROJECT_VERSION = 1;
				DEVELOPMENT_ASSET_PATHS = "\"docc_sample/Preview Content\"";
				DEVELOPMENT_TEAM = TWQ94X5BQ4;
				DOCC_HOSTING_BASE_PATH = docc_sample;
				ENABLE_PREVIEWS = YES;
				GENERATE_INFOPLIST_FILE = YES;
				INFOPLIST_KEY_UIApplicationSceneManifest_Generation = YES;
				INFOPLIST_KEY_UIApplicationSupportsIndirectInputEvents = YES;
				INFOPLIST_KEY_UILaunchScreen_Generation = YES;
				INFOPLIST_KEY_UISupportedInterfaceOrientations_iPad = "UIInterfaceOrientationPortrait UIInterfaceOrientationPortraitUpsideDown UIInterfaceOrientationLandscapeLeft UIInterfaceOrientationLandscapeRight";
				INFOPLIST_KEY_UISupportedInterfaceOrientations_iPhone = "UIInterfaceOrientationPortrait UIInterfaceOrientationLandscapeLeft UIInterfaceOrientationLandscapeRight";
				LD_RUNPATH_SEARCH_PATHS = (
					"$(inherited)",
					"@executable_path/Frameworks",
				);
				MARKETING_VERSION = 1.0;
				PRODUCT_BUNDLE_IDENTIFIER = "in.taket.docc-sample";
				PRODUCT_NAME = "$(TARGET_NAME)";
				SWIFT_EMIT_LOC_STRINGS = YES;
				SWIFT_VERSION = 5.0;
				TARGETED_DEVICE_FAMILY = "1,2";
			};
			name = Release;
		};
		CDF67F1F285A4BAA001361FD /* Debug */ = {
			isa = XCBuildConfiguration;
			buildSettings = {
				ALWAYS_EMBED_SWIFT_STANDARD_LIBRARIES = YES;
				BUNDLE_LOADER = "$(TEST_HOST)";
				CODE_SIGN_STYLE = Automatic;
				CURRENT_PROJECT_VERSION = 1;
				DEVELOPMENT_TEAM = TWQ94X5BQ4;
				GENERATE_INFOPLIST_FILE = YES;
				IPHONEOS_DEPLOYMENT_TARGET = 16.0;
				MARKETING_VERSION = 1.0;
				PRODUCT_BUNDLE_IDENTIFIER = "in.taket.docc-sampleTests";
				PRODUCT_NAME = "$(TARGET_NAME)";
				SWIFT_EMIT_LOC_STRINGS = NO;
				SWIFT_VERSION = 5.0;
				TARGETED_DEVICE_FAMILY = "1,2";
				TEST_HOST = "$(BUILT_PRODUCTS_DIR)/docc_sample.app/$(BUNDLE_EXECUTABLE_FOLDER_PATH)/docc_sample";
			};
			name = Debug;
		};
		CDF67F20285A4BAA001361FD /* Release */ = {
			isa = XCBuildConfiguration;
			buildSettings = {
				ALWAYS_EMBED_SWIFT_STANDARD_LIBRARIES = YES;
				BUNDLE_LOADER = "$(TEST_HOST)";
				CODE_SIGN_STYLE = Automatic;
				CURRENT_PROJECT_VERSION = 1;
				DEVELOPMENT_TEAM = TWQ94X5BQ4;
				GENERATE_INFOPLIST_FILE = YES;
				IPHONEOS_DEPLOYMENT_TARGET = 16.0;
				MARKETING_VERSION = 1.0;
				PRODUCT_BUNDLE_IDENTIFIER = "in.taket.docc-sampleTests";
				PRODUCT_NAME = "$(TARGET_NAME)";
				SWIFT_EMIT_LOC_STRINGS = NO;
				SWIFT_VERSION = 5.0;
				TARGETED_DEVICE_FAMILY = "1,2";
				TEST_HOST = "$(BUILT_PRODUCTS_DIR)/docc_sample.app/$(BUNDLE_EXECUTABLE_FOLDER_PATH)/docc_sample";
			};
			name = Release;
		};
		CDF67F22285A4BAA001361FD /* Debug */ = {
			isa = XCBuildConfiguration;
			buildSettings = {
				ALWAYS_EMBED_SWIFT_STANDARD_LIBRARIES = YES;
				CODE_SIGN_STYLE = Automatic;
				CURRENT_PROJECT_VERSION = 1;
				DEVELOPMENT_TEAM = TWQ94X5BQ4;
				GENERATE_INFOPLIST_FILE = YES;
				MARKETING_VERSION = 1.0;
				PRODUCT_BUNDLE_IDENTIFIER = "in.taket.docc-sampleUITests";
				PRODUCT_NAME = "$(TARGET_NAME)";
				SWIFT_EMIT_LOC_STRINGS = NO;
				SWIFT_VERSION = 5.0;
				TARGETED_DEVICE_FAMILY = "1,2";
				TEST_TARGET_NAME = docc_sample;
			};
			name = Debug;
		};
		CDF67F23285A4BAA001361FD /* Release */ = {
			isa = XCBuildConfiguration;
			buildSettings = {
				ALWAYS_EMBED_SWIFT_STANDARD_LIBRARIES = YES;
				CODE_SIGN_STYLE = Automatic;
				CURRENT_PROJECT_VERSION = 1;
				DEVELOPMENT_TEAM = TWQ94X5BQ4;
				GENERATE_INFOPLIST_FILE = YES;
				MARKETING_VERSION = 1.0;
				PRODUCT_BUNDLE_IDENTIFIER = "in.taket.docc-sampleUITests";
				PRODUCT_NAME = "$(TARGET_NAME)";
				SWIFT_EMIT_LOC_STRINGS = NO;
				SWIFT_VERSION = 5.0;
				TARGETED_DEVICE_FAMILY = "1,2";
				TEST_TARGET_NAME = docc_sample;
			};
			name = Release;
		};
/* End XCBuildConfiguration section */

/* Begin XCConfigurationList section */
		CDF67EF2285A4BA9001361FD /* Build configuration list for PBXProject "docc_sample" */ = {
			isa = XCConfigurationList;
			buildConfigurations = (
				CDF67F19285A4BAA001361FD /* Debug */,
				CDF67F1A285A4BAA001361FD /* Release */,
			);
			defaultConfigurationIsVisible = 0;
			defaultConfigurationName = Release;
		};
		CDF67F1B285A4BAA001361FD /* Build configuration list for PBXNativeTarget "docc_sample" */ = {
			isa = XCConfigurationList;
			buildConfigurations = (
				CDF67F1C285A4BAA001361FD /* Debug */,
				CDF67F1D285A4BAA001361FD /* Release */,
			);
			defaultConfigurationIsVisible = 0;
			defaultConfigurationName = Release;
		};
		CDF67F1E285A4BAA001361FD /* Build configuration list for PBXNativeTarget "docc_sampleTests" */ = {
			isa = XCConfigurationList;
			buildConfigurations = (
				CDF67F1F285A4BAA001361FD /* Debug */,
				CDF67F20285A4BAA001361FD /* Release */,
			);
			defaultConfigurationIsVisible = 0;
			defaultConfigurationName = Release;
		};
		CDF67F21285A4BAA001361FD /* Build configuration list for PBXNativeTarget "docc_sampleUITests" */ = {
			isa = XCConfigurationList;
			buildConfigurations = (
				CDF67F22285A4BAA001361FD /* Debug */,
				CDF67F23285A4BAA001361FD /* Release */,
			);
			defaultConfigurationIsVisible = 0;
			defaultConfigurationName = Release;
		};
/* End XCConfigurationList section */
	};
	rootObject = CDF67EEF285A4BA9001361FD /* Project object */;
}
